
Microsoft Visual Studio Solution File, Format Version 12.00
# Visual Studio 15
VisualStudioVersion = 15.0.28010.2046
MinimumVisualStudioVersion = 10.0.40219.1
Project("{FAE04EC0-301F-11D3-BF4B-00C04F79EFBC}") = "StartCodingNowWebManager", "StartCodingNowWebManager\StartCodingNowWebManager.csproj", "{724ECE47-1870-4A9C-8CE5-F7F751336542}"
EndProject
Global
	GlobalSection(SolutionConfigurationPlatforms) = preSolution
		Debug|Any CPU = Debug|Any CPU
		Release|Any CPU = Release|Any CPU
	EndGlobalSection
	GlobalSection(ProjectConfigurationPlatforms) = postSolution
		{724ECE47-1870-4A9C-8CE5-F7F751336542}.Debug|Any CPU.ActiveCfg = Debug|Any CPU
		{724ECE47-1870-4A9C-8CE5-F7F751336542}.Debug|Any CPU.Build.0 = Debug|Any CPU
		{724ECE47-1870-4A9C-8CE5-F7F751336542}.Release|Any CPU.ActiveCfg = Release|Any CPU
		{724ECE47-1870-4A9C-8CE5-F7F751336542}.Release|Any CPU.Build.0 = Release|Any CPU
	EndGlobalSection
	GlobalSection(SolutionProperties) = preSolution
		HideSolutionNode = FALSE
	EndGlobalSection
	GlobalSection(ExtensibilityGlobals) = postSolution
		SolutionGuid = {42D254BD-50F3-40C5-B6C0-A342BDD65EAB}
	EndGlobalSection
EndGlobal
